{
    "bacon/bacon-qr-code": {
        "version": "2.0.6"
    },
    "composer/package-versions-deprecated": {
        "version": "1.11.99.5"
    },
    "core23/dompdf-bundle": {
        "version": "3.1.1"
    },
    "dasprid/enum": {
        "version": "1.0.3"
    },
    "doctrine/annotations": {
        "version": "1.0",
        "recipe": {
            "repo": "github.com/symfony/recipes",
            "branch": "master",
            "version": "1.0",
            "ref": "cb4152ebcadbe620ea2261da1a1c5a9b8cea7672"
        },
        "files": [
            "./config/routes/annotations.yaml"
        ]
    },
    "doctrine/cache": {
        "version": "v1.8.0"
    },
    "doctrine/collections": {
        "version": "v1.6.2"
    },
    "doctrine/common": {
        "version": "v2.10.0"
    },
    "doctrine/dbal": {
        "version": "v2.9.2"
    },
    "doctrine/deprecations": {
        "version": "v0.5.3"
    },
    "doctrine/doctrine-bundle": {
        "version": "1.6",
        "recipe": {
            "repo": "github.com/symfony/recipes",
            "branch": "master",
            "version": "1.6",
            "ref": "5e476e8edf3fa8e7f045ad034f89bb464424f5c1"
        },
        "files": [
            "./config/packages/doctrine.yaml",
            "./config/packages/prod/doctrine.yaml",
            "./src/Entity/.gitignore",
            "./src/Repository/.gitignore"
        ]
    },
    "doctrine/doctrine-migrations-bundle": {
        "version": "1.2",
        "recipe": {
            "repo": "github.com/symfony/recipes",
            "branch": "master",
            "version": "1.2",
            "ref": "c1431086fec31f17fbcfe6d6d7e92059458facc1"
        },
        "files": [
            "./config/packages/doctrine_migrations.yaml",
            "./src/Migrations/.gitignore"
        ]
    },
    "doctrine/event-manager": {
        "version": "v1.0.0"
    },
    "doctrine/inflector": {
        "version": "v1.3.0"
    },
    "doctrine/instantiator": {
        "version": "1.2.0"
    },
    "doctrine/lexer": {
        "version": "1.1.0"
    },
    "doctrine/migrations": {
        "version": "2.1.1"
    },
    "doctrine/orm": {
        "version": "v2.6.3"
    },
    "doctrine/persistence": {
        "version": "1.1.1"
    },
    "doctrine/sql-formatter": {
        "version": "1.1.2"
    },
    "dompdf/dompdf": {
        "version": "v0.8.3"
    },
    "egulias/email-validator": {
        "version": "2.1.11"
    },
    "endroid/installer": {
        "version": "1.4.0"
    },
    "endroid/qr-code": {
        "version": "4.4.7"
    },
    "endroid/qr-code-bundle": {
        "version": "4.0.7"
    },
    "friendsofphp/proxy-manager-lts": {
        "version": "v1.0.7"
    },
    "laminas/laminas-code": {
        "version": "4.5.1"
    },
    "monolog/monolog": {
        "version": "1.26.1"
    },
    "nikic/php-parser": {
        "version": "v4.2.4"
    },
    "phenx/php-font-lib": {
        "version": "0.5.1"
    },
    "phenx/php-svg-lib": {
        "version": "v0.3.3"
    },
    "psr/cache": {
        "version": "1.0.1"
    },
    "psr/container": {
        "version": "1.0.0"
    },
    "psr/link": {
        "version": "1.1.1"
    },
    "psr/log": {
        "version": "1.1.0"
    },
    "sabberworm/php-css-parser": {
        "version": "8.3.0"
    },
    "sensio/framework-extra-bundle": {
        "version": "5.2",
        "recipe": {
            "repo": "github.com/symfony/recipes",
            "branch": "master",
            "version": "5.2",
            "ref": "fb7e19da7f013d0d422fa9bce16f5c510e27609b"
        },
        "files": [
            "./config/packages/sensio_framework_extra.yaml"
        ]
    },
    "symfony/asset": {
        "version": "v4.3.5"
    },
    "symfony/browser-kit": {
        "version": "v4.4.37"
    },
    "symfony/cache": {
        "version": "v4.3.4"
    },
    "symfony/cache-contracts": {
        "version": "v1.1.5"
    },
    "symfony/config": {
        "version": "v4.3.4"
    },
    "symfony/console": {
        "version": "3.3",
        "recipe": {
            "repo": "github.com/symfony/recipes",
            "branch": "master",
            "version": "3.3",
            "ref": "482d233eb8de91ebd042992077bbd5838858890c"
        },
        "files": [
            "./bin/console",
            "./config/bootstrap.php"
        ]
    },
    "symfony/css-selector": {
        "version": "v4.4.37"
    },
    "symfony/debug": {
        "version": "v4.3.4"
    },
    "symfony/debug-bundle": {
        "version": "4.4",
        "recipe": {
            "repo": "github.com/symfony/recipes",
            "branch": "master",
            "version": "4.1",
            "ref": "0ce7a032d344fb7b661cd25d31914cd703ad445b"
        },
        "files": [
            "./config/packages/dev/debug.yaml"
        ]
    },
    "symfony/dependency-injection": {
        "version": "v4.3.4"
    },
    "symfony/deprecation-contracts": {
        "version": "v2.5.0"
    },
    "symfony/doctrine-bridge": {
        "version": "v4.3.4"
    },
    "symfony/dom-crawler": {
        "version": "v4.4.39"
    },
    "symfony/dotenv": {
        "version": "v4.3.4"
    },
    "symfony/error-handler": {
        "version": "v4.4.37"
    },
    "symfony/event-dispatcher": {
        "version": "v4.3.4"
    },
    "symfony/event-dispatcher-contracts": {
        "version": "v1.1.5"
    },
    "symfony/expression-language": {
        "version": "v4.4.37"
    },
    "symfony/filesystem": {
        "version": "v4.3.4"
    },
    "symfony/finder": {
        "version": "v4.3.4"
    },
    "symfony/flex": {
        "version": "1.0",
        "recipe": {
            "repo": "github.com/symfony/recipes",
            "branch": "master",
            "version": "1.0",
            "ref": "dc3fc2e0334a4137c47cfd5a3ececc601fa61a0b"
        },
        "files": [
            "./.env"
        ]
    },
    "symfony/form": {
        "version": "v4.3.4"
    },
    "symfony/framework-bundle": {
        "version": "4.2",
        "recipe": {
            "repo": "github.com/symfony/recipes",
            "branch": "master",
            "version": "4.2",
            "ref": "61ad963f28c091b8bb9449507654b9c7d8bbb53c"
        },
        "files": [
            "./config/bootstrap.php",
            "./config/packages/cache.yaml",
            "./config/packages/framework.yaml",
            "./config/packages/test/framework.yaml",
            "./config/services.yaml",
            "./public/index.php",
            "./src/Controller/.gitignore",
            "./src/Kernel.php"
        ]
    },
    "symfony/http-client": {
        "version": "v4.4.39"
    },
    "symfony/http-client-contracts": {
        "version": "v2.5.0"
    },
    "symfony/http-foundation": {
        "version": "v4.3.4"
    },
    "symfony/http-kernel": {
        "version": "v4.3.4"
    },
    "symfony/inflector": {
        "version": "v4.3.4"
    },
    "symfony/intl": {
        "version": "v4.3.4"
    },
    "symfony/mailer": {
        "version": "4.4",
        "recipe": {
            "repo": "github.com/symfony/recipes",
            "branch": "master",
            "version": "4.3",
            "ref": "bbfc7e27257d3a3f12a6fb0a42540a42d9623a37"
        },
        "files": [
            "./config/packages/mailer.yaml"
        ]
    },
    "symfony/maker-bundle": {
        "version": "1.0",
        "recipe": {
            "repo": "github.com/symfony/recipes",
            "branch": "master",
            "version": "1.0",
            "ref": "fadbfe33303a76e25cb63401050439aa9b1a9c7f"
        }
    },
    "symfony/mime": {
        "version": "v4.3.4"
    },
    "symfony/monolog-bridge": {
        "version": "v4.4.37"
    },
    "symfony/monolog-bundle": {
        "version": "3.7",
        "recipe": {
            "repo": "github.com/symfony/recipes",
            "branch": "master",
            "version": "3.3",
            "ref": "2120e71a370db3a494b8afcc42d7cfb2cff6f910"
        },
        "files": [
            "./config/packages/dev/monolog.yaml",
            "./config/packages/prod/deprecations.yaml",
            "./config/packages/prod/monolog.yaml",
            "./config/packages/test/monolog.yaml"
        ]
    },
    "symfony/options-resolver": {
        "version": "v4.3.4"
    },
    "symfony/phpunit-bridge": {
        "version": "5.4",
        "recipe": {
            "repo": "github.com/symfony/recipes",
            "branch": "master",
            "version": "5.3",
            "ref": "97cb3dc7b0f39c7cfc4b7553504c9d7b7795de96"
        },
        "files": [
            "./.env.test",
            "./bin/phpunit",
            "./phpunit.xml.dist",
            "./tests/bootstrap.php"
        ]
    },
    "symfony/polyfill-intl-icu": {
        "version": "v1.12.0"
    },
    "symfony/polyfill-intl-idn": {
        "version": "v1.12.0"
    },
    "symfony/polyfill-intl-normalizer": {
        "version": "v1.25.0"
    },
    "symfony/polyfill-mbstring": {
        "version": "v1.12.0"
    },
    "symfony/polyfill-php72": {
        "version": "v1.12.0"
    },
    "symfony/polyfill-php73": {
        "version": "v1.12.0"
    },
    "symfony/polyfill-php80": {
        "version": "v1.25.0"
    },
    "symfony/polyfill-php81": {
        "version": "v1.25.0"
    },
    "symfony/process": {
        "version": "v4.3.4"
    },
    "symfony/property-access": {
        "version": "v4.3.4"
    },
    "symfony/property-info": {
        "version": "v4.4.37"
    },
    "symfony/proxy-manager-bridge": {
        "version": "v4.4.39"
    },
    "symfony/routing": {
        "version": "4.2",
        "recipe": {
            "repo": "github.com/symfony/recipes",
            "branch": "master",
            "version": "4.2",
            "ref": "4c107a8d23a16b997178fbd4103b8d2f54f688b7"
        },
        "files": [
            "./config/packages/dev/routing.yaml",
            "./config/packages/routing.yaml",
            "./config/packages/test/routing.yaml",
            "./config/routes.yaml"
        ]
    },
    "symfony/security-bundle": {
        "version": "4.4",
        "recipe": {
            "repo": "github.com/symfony/recipes",
            "branch": "master",
            "version": "4.4",
            "ref": "7b4408dc203049666fe23fabed23cbadc6d8440f"
        },
        "files": [
            "./config/packages/security.yaml"
        ]
    },
    "symfony/security-core": {
        "version": "v4.3.4"
    },
    "symfony/security-csrf": {
        "version": "v4.3.4"
    },
    "symfony/security-guard": {
        "version": "v4.4.37"
    },
    "symfony/security-http": {
        "version": "v4.4.37"
    },
    "symfony/serializer": {
        "version": "v4.4.39"
    },
    "symfony/service-contracts": {
        "version": "v1.1.6"
    },
    "symfony/stopwatch": {
        "version": "v4.3.4"
    },
    "symfony/translation": {
        "version": "4.4",
        "recipe": {
            "repo": "github.com/symfony/recipes",
            "branch": "master",
            "version": "3.3",
            "ref": "2ad9d2545bce8ca1a863e50e92141f0b9d87ffcd"
        },
        "files": [
            "./config/packages/translation.yaml",
            "./translations/.gitignore"
        ]
    },
    "symfony/translation-contracts": {
        "version": "v1.1.6"
    },
    "symfony/twig-bridge": {
        "version": "v4.3.4"
    },
    "symfony/twig-bundle": {
        "version": "3.3",
        "recipe": {
            "repo": "github.com/symfony/recipes",
            "branch": "master",
            "version": "3.3",
            "ref": "369b5b29dc52b2c190002825ae7ec24ab6f962dd"
        },
        "files": [
            "./config/packages/twig.yaml",
            "./config/routes/dev/twig.yaml",
            "./templates/base.html.twig"
        ]
    },
    "symfony/validator": {
        "version": "4.3",
        "recipe": {
            "repo": "github.com/symfony/recipes",
            "branch": "master",
            "version": "4.3",
            "ref": "d902da3e4952f18d3bf05aab29512eb61cabd869"
        },
        "files": [
            "./config/packages/test/validator.yaml",
            "./config/packages/validator.yaml"
        ]
    },
    "symfony/var-dumper": {
        "version": "v5.4.6"
    },
    "symfony/var-exporter": {
        "version": "v4.3.4"
    },
    "symfony/web-link": {
        "version": "v4.4.37"
    },
    "symfony/web-profiler-bundle": {
        "version": "4.4",
        "recipe": {
            "repo": "github.com/symfony/recipes",
            "branch": "master",
            "version": "3.3",
            "ref": "6bdfa1a95f6b2e677ab985cd1af2eae35d62e0f6"
        },
        "files": [
            "./config/packages/dev/web_profiler.yaml",
            "./config/packages/test/web_profiler.yaml",
            "./config/routes/dev/web_profiler.yaml"
        ]
    },
    "symfony/web-server-bundle": {
        "version": "3.3",
        "recipe": {
            "repo": "github.com/symfony/recipes",
            "branch": "master",
            "version": "3.3",
            "ref": "dae9b39fd6717970be7601101ce5aa960bf53d9a"
        }
    },
    "symfony/yaml": {
        "version": "v4.3.4"
    },
    "twig/extra-bundle": {
        "version": "v3.3.8"
    },
    "twig/twig": {
        "version": "v2.11.3"
    }
}
